// !$*UTF8*$!
{
	archiveVersion = 1;
	classes = {
	};
	objectVersion = 46;
	objects = {

/* Begin PBXBuildFile section */
		9282ECC21D36251E00DC0FF1 /* main.m in Sources */ = {isa = PBXBuildFile; fileRef = 9282ECC11D36251E00DC0FF1 /* main.m */; };
		9282ECC51D36251E00DC0FF1 /* AppDelegate.m in Sources */ = {isa = PBXBuildFile; fileRef = 9282ECC41D36251E00DC0FF1 /* AppDelegate.m */; };
		9282ECC81D36251E00DC0FF1 /* ViewController.m in Sources */ = {isa = PBXBuildFile; fileRef = 9282ECC71D36251E00DC0FF1 /* ViewController.m */; };
		9282ECCB1D36251E00DC0FF1 /* Main.storyboard in Resources */ = {isa = PBXBuildFile; fileRef = 9282ECC91D36251E00DC0FF1 /* Main.storyboard */; };
		9282ECCD1D36251E00DC0FF1 /* Assets.xcassets in Resources */ = {isa = PBXBuildFile; fileRef = 9282ECCC1D36251E00DC0FF1 /* Assets.xcassets */; };
		9282ECD01D36251E00DC0FF1 /* LaunchScreen.storyboard in Resources */ = {isa = PBXBuildFile; fileRef = 9282ECCE1D36251E00DC0FF1 /* LaunchScreen.storyboard */; };
		9282ECDB1D36251E00DC0FF1 /* zhz_zhz_zhzTests.m in Sources */ = {isa = PBXBuildFile; fileRef = 9282ECDA1D36251E00DC0FF1 /* zhz_zhz_zhzTests.m */; };
/* End PBXBuildFile section */

/* Begin PBXContainerItemProxy section */
		9282ECD71D36251E00DC0FF1 /* PBXContainerItemProxy */ = {
			isa = PBXContainerItemProxy;
			containerPortal = 9282ECB51D36251E00DC0FF1 /* Project object */;
			proxyType = 1;
			remoteGlobalIDString = 9282ECBC1D36251E00DC0FF1;
			remoteInfo = zhz_zhz_zhz;
		};
/* End PBXContainerItemProxy section */

/* Begin PBXFileReference section */
		9282ECBD1D36251E00DC0FF1 /* zhz_zhz_zhz.app */ = {isa = PBXFileReference; explicitFileType = wrapper.application; includeInIndex = 0; path = zhz_zhz_zhz.app; sourceTree = BUILT_PRODUCTS_DIR; };
		9282ECC11D36251E00DC0FF1 /* main.m */ = {isa = PBXFileReference; lastKnownFileType = sourcecode.c.objc; path = main.m; sourceTree = "<group>"; };
		9282ECC31D36251E00DC0FF1 /* AppDelegate.h */ = {isa = PBXFileReference; lastKnownFileType = sourcecode.c.h; path = AppDelegate.h; sourceTree = "<group>"; };
		9282ECC41D36251E00DC0FF1 /* AppDelegate.m */ = {isa = PBXFileReference; lastKnownFileType = sourcecode.c.objc; path = AppDelegate.m; sourceTree = "<group>"; };
		9282ECC61D36251E00DC0FF1 /* ViewController.h */ = {isa = PBXFileReference; lastKnownFileType = sourcecode.c.h; path = ViewController.h; sourceTree = "<group>"; };
		9282ECC71D36251E00DC0FF1 /* ViewController.m */ = {isa = PBXFileReference; lastKnownFileType = sourcecode.c.objc; path = ViewController.m; sourceTree = "<group>"; };
		9282ECCA1D36251E00DC0FF1 /* Base */ = {isa = PBXFileReference; lastKnownFileType = file.storyboard; name = Base; path = Base.lproj/Main.storyboard; sourceTree = "<group>"; };
		9282ECCC1D36251E00DC0FF1 /* Assets.xcassets */ = {isa = PBXFileReference; lastKnownFileType = folder.assetcatalog; path = Assets.xcassets; sourceTree = "<group>"; };
		9282ECCF1D36251E00DC0FF1 /* Base */ = {isa = PBXFileReference; lastKnownFileType = file.storyboard; name = Base; path = Base.lproj/LaunchScreen.storyboard; sourceTree = "<group>"; };
		9282ECD11D36251E00DC0FF1 /* Info.plist */ = {isa = PBXFileReference; lastKnownFileType = text.plist.xml; path = Info.plist; sourceTree = "<group>"; };
		9282ECD61D36251E00DC0FF1 /* zhz_zhz_zhzTests.xctest */ = {isa = PBXFileReference; explicitFileType = wrapper.cfbundle; includeInIndex = 0; path = zhz_zhz_zhzTests.xctest; sourceTree = BUILT_PRODUCTS_DIR; };
		9282ECDA1D36251E00DC0FF1 /* zhz_zhz_zhzTests.m */ = {isa = PBXFileReference; lastKnownFileType = sourcecode.c.objc; path = zhz_zhz_zhzTests.m; sourceTree = "<group>"; };
		9282ECDC1D36251E00DC0FF1 /* Info.plist */ = {isa = PBXFileReference; lastKnownFileType = text.plist.xml; path = Info.plist; sourceTree = "<group>"; };
/* End PBXFileReference section */

/* Begin PBXFrameworksBuildPhase section */
		9282ECBA1D36251E00DC0FF1 /* Frameworks */ = {
			isa = PBXFrameworksBuildPhase;
			buildActionMask = 2147483647;
			files = (
			);
			runOnlyForDeploymentPostprocessing = 0;
		};
		9282ECD31D36251E00DC0FF1 /* Frameworks */ = {
			isa = PBXFrameworksBuildPhase;
			buildActionMask = 2147483647;
			files = (
			);
			runOnlyForDeploymentPostprocessing = 0;
		};
/* End PBXFrameworksBuildPhase section */

/* Begin PBXGroup section */
		9282ECB41D36251E00DC0FF1 = {
			isa = PBXGroup;
			children = (
				9282ECBF1D36251E00DC0FF1 /* zhz_zhz_zhz */,
				9282ECD91D36251E00DC0FF1 /* zhz_zhz_zhzTests */,
				9282ECBE1D36251E00DC0FF1 /* Products */,
			);
			sourceTree = "<group>";
		};
		9282ECBE1D36251E00DC0FF1 /* Products */ = {
			isa = PBXGroup;
			children = (
				9282ECBD1D36251E00DC0FF1 /* zhz_zhz_zhz.app */,
				9282ECD61D36251E00DC0FF1 /* zhz_zhz_zhzTests.xctest */,
			);
			name = Products;
			sourceTree = "<group>";
		};
		9282ECBF1D36251E00DC0FF1 /* zhz_zhz_zhz */ = {
			isa = PBXGroup;
			children = (
				9282ECC31D36251E00DC0FF1 /* AppDelegate.h */,
				9282ECC41D36251E00DC0FF1 /* AppDelegate.m */,
				9282ECC61D36251E00DC0FF1 /* ViewController.h */,
				9282ECC71D36251E00DC0FF1 /* ViewController.m */,
				9282ECC91D36251E00DC0FF1 /* Main.storyboard */,
				9282ECCC1D36251E00DC0FF1 /* Assets.xcassets */,
				9282ECCE1D36251E00DC0FF1 /* LaunchScreen.storyboard */,
				9282ECD11D36251E00DC0FF1 /* Info.plist */,
				9282ECC01D36251E00DC0FF1 /* Supporting Files */,
			);
			path = zhz_zhz_zhz;
			sourceTree = "<group>";
		};
		9282ECC01D36251E00DC0FF1 /* Supporting Files */ = {
			isa = PBXGroup;
			children = (
				9282ECC11D36251E00DC0FF1 /* main.m */,
			);
			name = "Supporting Files";
			sourceTree = "<group>";
		};
		9282ECD91D36251E00DC0FF1 /* zhz_zhz_zhzTests */ = {
			isa = PBXGroup;
			children = (
				9282ECDA1D36251E00DC0FF1 /* zhz_zhz_zhzTests.m */,
				9282ECDC1D36251E00DC0FF1 /* Info.plist */,
			);
			path = zhz_zhz_zhzTests;
			sourceTree = "<group>";
		};
/* End PBXGroup section */

/* Begin PBXNativeTarget section */
		9282ECBC1D36251E00DC0FF1 /* zhz_zhz_zhz */ = {
			isa = PBXNativeTarget;
			buildConfigurationList = 9282ECDF1D36251E00DC0FF1 /* Build configuration list for PBXNativeTarget "zhz_zhz_zhz" */;
			buildPhases = (
				9282ECB91D36251E00DC0FF1 /* Sources */,
				9282ECBA1D36251E00DC0FF1 /* Frameworks */,
				9282ECBB1D36251E00DC0FF1 /* Resources */,
			);
			buildRules = (
			);
			dependencies = (
			);
			name = zhz_zhz_zhz;
			productName = zhz_zhz_zhz;
			productReference = 9282ECBD1D36251E00DC0FF1 /* zhz_zhz_zhz.app */;
			productType = "com.apple.product-type.application";
		};
		9282ECD51D36251E00DC0FF1 /* zhz_zhz_zhzTests */ = {
			isa = PBXNativeTarget;
			buildConfigurationList = 9282ECE21D36251E00DC0FF1 /* Build configuration list for PBXNativeTarget "zhz_zhz_zhzTests" */;
			buildPhases = (
				9282ECD21D36251E00DC0FF1 /* Sources */,
				9282ECD31D36251E00DC0FF1 /* Frameworks */,
				9282ECD41D36251E00DC0FF1 /* Resources */,
			);
			buildRules = (
			);
			dependencies = (
				9282ECD81D36251E00DC0FF1 /* PBXTargetDependency */,
			);
			name = zhz_zhz_zhzTests;
			productName = zhz_zhz_zhzTests;
			productReference = 9282ECD61D36251E00DC0FF1 /* zhz_zhz_zhzTests.xctest */;
			productType = "com.apple.product-type.bundle.unit-test";
		};
/* End PBXNativeTarget section */

/* Begin PBXProject section */
		9282ECB51D36251E00DC0FF1 /* Project object */ = {
			isa = PBXProject;
			attributes = {
				LastUpgradeCheck = 0730;
				ORGANIZATIONNAME = zhanghangzhen;
				TargetAttributes = {
					9282ECBC1D36251E00DC0FF1 = {
						CreatedOnToolsVersion = 7.3.1;
					};
					9282ECD51D36251E00DC0FF1 = {
						CreatedOnToolsVersion = 7.3.1;
						TestTargetID = 9282ECBC1D36251E00DC0FF1;
					};
				};
			};
			buildConfigurationList = 9282ECB81D36251E00DC0FF1 /* Build configuration list for PBXProject "zhz_zhz_zhz" */;
			compatibilityVersion = "Xcode 3.2";
			developmentRegion = English;
			hasScannedForEncodings = 0;
			knownRegions = (
				en,
				Base,
			);
			mainGroup = 9282ECB41D36251E00DC0FF1;
			productRefGroup = 9282ECBE1D36251E00DC0FF1 /* Products */;
			projectDirPath = "";
			projectRoot = "";
			targets = (
				9282ECBC1D36251E00DC0FF1 /* zhz_zhz_zhz */,
				9282ECD51D36251E00DC0FF1 /* zhz_zhz_zhzTests */,
			);
		};
/* End PBXProject section */

/* Begin PBXResourcesBuildPhase section */
		9282ECBB1D36251E00DC0FF1 /* Resources */ = {
			isa = PBXResourcesBuildPhase;
			buildActionMask = 2147483647;
			files = (
				9282ECD01D36251E00DC0FF1 /* LaunchScreen.storyboard in Resources */,
				9282ECCD1D36251E00DC0FF1 /* Assets.xcassets in Resources */,
				9282ECCB1D36251E00DC0FF1 /* Main.storyboard in Resources */,
			);
			runOnlyForDeploymentPostprocessing = 0;
		};
		9282ECD41D36251E00DC0FF1 /* Resources */ = {
			isa = PBXResourcesBuildPhase;
			buildActionMask = 2147483647;
			files = (
			);
			runOnlyForDeploymentPostprocessing = 0;
		};
/* End PBXResourcesBuildPhase section */

/* Begin PBXSourcesBuildPhase section */
		9282ECB91D36251E00DC0FF1 /* Sources */ = {
			isa = PBXSourcesBuildPhase;
			buildActionMask = 2147483647;
			files = (
				9282ECC81D36251E00DC0FF1 /* ViewController.m in Sources */,
				9282ECC51D36251E00DC0FF1 /* AppDelegate.m in Sources */,
				9282ECC21D36251E00DC0FF1 /* main.m in Sources */,
			);
			runOnlyForDeploymentPostprocessing = 0;
		};
		9282ECD21D36251E00DC0FF1 /* Sources */ = {
			isa = PBXSourcesBuildPhase;
			buildActionMask = 2147483647;
			files = (
				9282ECDB1D36251E00DC0FF1 /* zhz_zhz_zhzTests.m in Sources */,
			);
			runOnlyForDeploymentPostprocessing = 0;
		};
/* End PBXSourcesBuildPhase section */

/* Begin PBXTargetDependency section */
		9282ECD81D36251E00DC0FF1 /* PBXTargetDependency */ = {
			isa = PBXTargetDependency;
			target = 9282ECBC1D36251E00DC0FF1 /* zhz_zhz_zhz */;
			targetProxy = 9282ECD71D36251E00DC0FF1 /* PBXContainerItemProxy */;
		};
/* End PBXTargetDependency section */

/* Begin PBXVariantGroup section */
		9282ECC91D36251E00DC0FF1 /* Main.storyboard */ = {
			isa = PBXVariantGroup;
			children = (
				9282ECCA1D36251E00DC0FF1 /* Base */,
			);
			name = Main.storyboard;
			sourceTree = "<group>";
		};
		9282ECCE1D36251E00DC0FF1 /* LaunchScreen.storyboard */ = {
			isa = PBXVariantGroup;
			children = (
				9282ECCF1D36251E00DC0FF1 /* Base */,
			);
			name = LaunchScreen.storyboard;
			sourceTree = "<group>";
		};
/* End PBXVariantGroup section */

/* Begin XCBuildConfiguration section */
		9282ECDD1D36251E00DC0FF1 /* Debug */ = {
			isa = XCBuildConfiguration;
			buildSettings = {
				ALWAYS_SEARCH_USER_PATHS = NO;
				CLANG_ANALYZER_NONNULL = YES;
				CLANG_CXX_LANGUAGE_STANDARD = "gnu++0x";
				CLANG_CXX_LIBRARY = "libc++";
				CLANG_ENABLE_MODULES = YES;
				CLANG_ENABLE_OBJC_ARC = YES;
				CLANG_WARN_BOOL_CONVERSION = YES;
				CLANG_WARN_CONSTANT_CONVERSION = YES;
				CLANG_WARN_DIRECT_OBJC_ISA_USAGE = YES_ERROR;
				CLANG_WARN_EMPTY_BODY = YES;
				CLANG_WARN_ENUM_CONVERSION = YES;
				CLANG_WARN_INT_CONVERSION = YES;
				CLANG_WARN_OBJC_ROOT_CLASS = YES_ERROR;
				CLANG_WARN_UNREACHABLE_CODE = YES;
				CLANG_WARN__DUPLICATE_METHOD_MATCH = YES;
				"CODE_SIGN_IDENTITY[sdk=iphoneos*]" = "iPhone Developer";
				COPY_PHASE_STRIP = NO;
				DEBUG_INFORMATION_FORMAT = dwarf;
				ENABLE_STRICT_OBJC_MSGSEND = YES;
				ENABLE_TESTABILITY = YES;
				GCC_C_LANGUAGE_STANDARD = gnu99;
				GCC_DYNAMIC_NO_PIC = NO;
				GCC_NO_COMMON_BLOCKS = YES;
				GCC_OPTIMIZATION_LEVEL = 0;
				GCC_PREPROCESSOR_DEFINITIONS = (
					"DEBUG=1",
					"$(inherited)",
				);
				GCC_WARN_64_TO_32_BIT_CONVERSION = YES;
				GCC_WARN_ABOUT_RETURN_TYPE = YES_ERROR;
				GCC_WARN_UNDECLARED_SELECTOR = YES;
				GCC_WARN_UNINITIALIZED_AUTOS = YES_AGGRESSIVE;
				GCC_WARN_UNUSED_FUNCTION = YES;
				GCC_WARN_UNUSED_VARIABLE = YES;
				IPHONEOS_DEPLOYMENT_TARGET = 9.3;
				MTL_ENABLE_DEBUG_INFO = YES;
				ONLY_ACTIVE_ARCH = YES;
				SDKROOT = iphoneos;
			};
			name = Debug;
		};
		9282ECDE1D36251E00DC0FF1 /* Release */ = {
			isa = XCBuildConfiguration;
			buildSettings = {
				ALWAYS_SEARCH_USER_PATHS = NO;
				CLANG_ANALYZER_NONNULL = YES;
				CLANG_CXX_LANGUAGE_STANDARD = "gnu++0x";
				CLANG_CXX_LIBRARY = "libc++";
				CLANG_ENABLE_MODULES = YES;
				CLANG_ENABLE_OBJC_ARC = YES;
				CLANG_WARN_BOOL_CONVERSION = YES;
				CLANG_WARN_CONSTANT_CONVERSION = YES;
				CLANG_WARN_DIRECT_OBJC_ISA_USAGE = YES_ERROR;
				CLANG_WARN_EMPTY_BODY = YES;
				CLANG_WARN_ENUM_CONVERSION = YES;
				CLANG_WARN_INT_CONVERSION = YES;
				CLANG_WARN_OBJC_ROOT_CLASS = YES_ERROR;
				CLANG_WARN_UNREACHABLE_CODE = YES;
				CLANG_WARN__DUPLICATE_METHOD_MATCH = YES;
				"CODE_SIGN_IDENTITY[sdk=iphoneos*]" = "iPhone Developer";
				COPY_PHASE_STRIP = NO;
				DEBUG_INFORMATION_FORMAT = "dwarf-with-dsym";
				ENABLE_NS_ASSERTIONS = NO;
				ENABLE_STRICT_OBJC_MSGSEND = YES;
				GCC_C_LANGUAGE_STANDARD = gnu99;
				GCC_NO_COMMON_BLOCKS = YES;
				GCC_WARN_64_TO_32_BIT_CONVERSION = YES;
				GCC_WARN_ABOUT_RETURN_TYPE = YES_ERROR;
				GCC_WARN_UNDECLARED_SELECTOR = YES;
				GCC_WARN_UNINITIALIZED_AUTOS = YES_AGGRESSIVE;
				GCC_WARN_UNUSED_FUNCTION = YES;
				GCC_WARN_UNUSED_VARIABLE = YES;
				IPHONEOS_DEPLOYMENT_TARGET = 9.3;
				MTL_ENABLE_DEBUG_INFO = NO;
				SDKROOT = iphoneos;
				VALIDATE_PRODUCT = YES;
			};
			name = Release;
		};
		9282ECE01D36251E00DC0FF1 /* Debug */ = {
			isa = XCBuildConfiguration;
			buildSettings = {
				ASSETCATALOG_COMPILER_APPICON_NAME = AppIcon;
				INFOPLIST_FILE = zhz_zhz_zhz/Info.plist;
				LD_RUNPATH_SEARCH_PATHS = "$(inherited) @executable_path/Frameworks";
				PRODUCT_BUNDLE_IDENTIFIER = "com.xbk.zhz-zhz-zhz";
				PRODUCT_NAME = "$(TARGET_NAME)";
			};
			name = Debug;
		};
		9282ECE11D36251E00DC0FF1 /* Release */ = {
			isa = XCBuildConfiguration;
			buildSettings = {
				ASSETCATALOG_COMPILER_APPICON_NAME = AppIcon;
				INFOPLIST_FILE = zhz_zhz_zhz/Info.plist;
				LD_RUNPATH_SEARCH_PATHS = "$(inherited) @executable_path/Frameworks";
				PRODUCT_BUNDLE_IDENTIFIER = "com.xbk.zhz-zhz-zhz";
				PRODUCT_NAME = "$(TARGET_NAME)";
			};
			name = Release;
		};
		9282ECE31D36251E00DC0FF1 /* Debug */ = {
			isa = XCBuildConfiguration;
			buildSettings = {
				BUNDLE_LOADER = "$(TEST_HOST)";
				INFOPLIST_FILE = zhz_zhz_zhzTests/Info.plist;
				LD_RUNPATH_SEARCH_PATHS = "$(inherited) @executable_path/Frameworks @loader_path/Frameworks";
				PRODUCT_BUNDLE_IDENTIFIER = "com.xbk.zhz-zhz-zhzTests";
				PRODUCT_NAME = "$(TARGET_NAME)";
				TEST_HOST = "$(BUILT_PRODUCTS_DIR)/zhz_zhz_zhz.app/zhz_zhz_zhz";
			};
			name = Debug;
		};
		9282ECE41D36251E00DC0FF1 /* Release */ = {
			isa = XCBuildConfiguration;
			buildSettings = {
				BUNDLE_LOADER = "$(TEST_HOST)";
				INFOPLIST_FILE = zhz_zhz_zhzTests/Info.plist;
				LD_RUNPATH_SEARCH_PATHS = "$(inherited) @executable_path/Frameworks @loader_path/Frameworks";
				PRODUCT_BUNDLE_IDENTIFIER = "com.xbk.zhz-zhz-zhzTests";
				PRODUCT_NAME = "$(TARGET_NAME)";
				TEST_HOST = "$(BUILT_PRODUCTS_DIR)/zhz_zhz_zhz.app/zhz_zhz_zhz";
			};
			name = Release;
		};
/* End XCBuildConfiguration section */

/* Begin XCConfigurationList section */
		9282ECB81D36251E00DC0FF1 /* Build configuration list for PBXProject "zhz_zhz_zhz" */ = {
			isa = XCConfigurationList;
			buildConfigurations = (
				9282ECDD1D36251E00DC0FF1 /* Debug */,
				9282ECDE1D36251E00DC0FF1 /* Release */,
			);
			defaultConfigurationIsVisible = 0;
			defaultConfigurationName = Release;
		};
		9282ECDF1D36251E00DC0FF1 /* Build configuration list for PBXNativeTarget "zhz_zhz_zhz" */ = {
			isa = XCConfigurationList;
			buildConfigurations = (
				9282ECE01D36251E00DC0FF1 /* Debug */,
				9282ECE11D36251E00DC0FF1 /* Release */,
			);
			defaultConfigurationIsVisible = 0;
		};
		9282ECE21D36251E00DC0FF1 /* Build configuration list for PBXNativeTarget "zhz_zhz_zhzTests" */ = {
			isa = XCConfigurationList;
			buildConfigurations = (
				9282ECE31D36251E00DC0FF1 /* Debug */,
				9282ECE41D36251E00DC0FF1 /* Release */,
			);
			defaultConfigurationIsVisible = 0;
		};
/* End XCConfigurationList section */
	};
	rootObject = 9282ECB51D36251E00DC0FF1 /* Project object */;
}
